// !$*UTF8*$!
{
	archiveVersion = 1;
	classes = {
	};
	objectVersion = 56;
	objects = {

/* Begin PBXBuildFile section */
		1720D3532A474D7B0042D847 /* AnimationExplorerApp.swift in Sources */ = {isa = PBXBuildFile; fileRef = 1720D3522A474D7B0042D847 /* AnimationExplorerApp.swift */; };
		1720D3552A474D7B0042D847 /* ContentView.swift in Sources */ = {isa = PBXBuildFile; fileRef = 1720D3542A474D7B0042D847 /* ContentView.swift */; };
		1720D3572A474D7C0042D847 /* Assets.xcassets in Resources */ = {isa = PBXBuildFile; fileRef = 1720D3562A474D7C0042D847 /* Assets.xcassets */; };
		1720D35A2A474D7C0042D847 /* Preview Assets.xcassets in Resources */ = {isa = PBXBuildFile; fileRef = 1720D3592A474D7C0042D847 /* Preview Assets.xcassets */; };
		1720D3612A474DA80042D847 /* AnimationChartView.swift in Sources */ = {isa = PBXBuildFile; fileRef = 1720D3602A474DA80042D847 /* AnimationChartView.swift */; };
		1720D3632A4751DF0042D847 /* TimingCurveView.swift in Sources */ = {isa = PBXBuildFile; fileRef = 1720D3622A4751DF0042D847 /* TimingCurveView.swift */; };
		1720D3652A4752C10042D847 /* Extensions.swift in Sources */ = {isa = PBXBuildFile; fileRef = 1720D3642A4752C10042D847 /* Extensions.swift */; };
		1720D3672A4753F30042D847 /* AdjustmentGrabHandleView.swift in Sources */ = {isa = PBXBuildFile; fileRef = 1720D3662A4753F30042D847 /* AdjustmentGrabHandleView.swift */; };
		1720D3692A475A7E0042D847 /* AnimationSampleView.swift in Sources */ = {isa = PBXBuildFile; fileRef = 1720D3682A475A7E0042D847 /* AnimationSampleView.swift */; };
		17A6B7132A47620800A59C38 /* README.md in Resources */ = {isa = PBXBuildFile; fileRef = 17A6B7122A47620800A59C38 /* README.md */; };
/* End PBXBuildFile section */

/* Begin PBXFileReference section */
		1720D34F2A474D7B0042D847 /* AnimationExplorer.app */ = {isa = PBXFileReference; explicitFileType = wrapper.application; includeInIndex = 0; path = AnimationExplorer.app; sourceTree = BUILT_PRODUCTS_DIR; };
		1720D3522A474D7B0042D847 /* AnimationExplorerApp.swift */ = {isa = PBXFileReference; lastKnownFileType = sourcecode.swift; path = AnimationExplorerApp.swift; sourceTree = "<group>"; };
		1720D3542A474D7B0042D847 /* ContentView.swift */ = {isa = PBXFileReference; lastKnownFileType = sourcecode.swift; path = ContentView.swift; sourceTree = "<group>"; };
		1720D3562A474D7C0042D847 /* Assets.xcassets */ = {isa = PBXFileReference; lastKnownFileType = folder.assetcatalog; path = Assets.xcassets; sourceTree = "<group>"; };
		1720D3592A474D7C0042D847 /* Preview Assets.xcassets */ = {isa = PBXFileReference; lastKnownFileType = folder.assetcatalog; path = "Preview Assets.xcassets"; sourceTree = "<group>"; };
		1720D3602A474DA80042D847 /* AnimationChartView.swift */ = {isa = PBXFileReference; lastKnownFileType = sourcecode.swift; path = AnimationChartView.swift; sourceTree = "<group>"; };
		1720D3622A4751DF0042D847 /* TimingCurveView.swift */ = {isa = PBXFileReference; lastKnownFileType = sourcecode.swift; path = TimingCurveView.swift; sourceTree = "<group>"; };
		1720D3642A4752C10042D847 /* Extensions.swift */ = {isa = PBXFileReference; lastKnownFileType = sourcecode.swift; path = Extensions.swift; sourceTree = "<group>"; };
		1720D3662A4753F30042D847 /* AdjustmentGrabHandleView.swift */ = {isa = PBXFileReference; lastKnownFileType = sourcecode.swift; path = AdjustmentGrabHandleView.swift; sourceTree = "<group>"; };
		1720D3682A475A7E0042D847 /* AnimationSampleView.swift */ = {isa = PBXFileReference; lastKnownFileType = sourcecode.swift; path = AnimationSampleView.swift; sourceTree = "<group>"; };
		17A6B7122A47620800A59C38 /* README.md */ = {isa = PBXFileReference; fileEncoding = 4; lastKnownFileType = net.daringfireball.markdown; path = README.md; sourceTree = "<group>"; };
/* End PBXFileReference section */

/* Begin PBXFrameworksBuildPhase section */
		1720D34C2A474D7B0042D847 /* Frameworks */ = {
			isa = PBXFrameworksBuildPhase;
			buildActionMask = 2147483647;
			files = (
			);
			runOnlyForDeploymentPostprocessing = 0;
		};
/* End PBXFrameworksBuildPhase section */

/* Begin PBXGroup section */
		1720D3462A474D7B0042D847 = {
			isa = PBXGroup;
			children = (
				17A6B7122A47620800A59C38 /* README.md */,
				1720D3512A474D7B0042D847 /* AnimationExplorer */,
				1720D3502A474D7B0042D847 /* Products */,
			);
			sourceTree = "<group>";
		};
		1720D3502A474D7B0042D847 /* Products */ = {
			isa = PBXGroup;
			children = (
				1720D34F2A474D7B0042D847 /* AnimationExplorer.app */,
			);
			name = Products;
			sourceTree = "<group>";
		};
		1720D3512A474D7B0042D847 /* AnimationExplorer */ = {
			isa = PBXGroup;
			children = (
				1720D3522A474D7B0042D847 /* AnimationExplorerApp.swift */,
				1720D3542A474D7B0042D847 /* ContentView.swift */,
				1720D3622A4751DF0042D847 /* TimingCurveView.swift */,
				1720D3642A4752C10042D847 /* Extensions.swift */,
				1720D3602A474DA80042D847 /* AnimationChartView.swift */,
				1720D3662A4753F30042D847 /* AdjustmentGrabHandleView.swift */,
				1720D3682A475A7E0042D847 /* AnimationSampleView.swift */,
				1720D3562A474D7C0042D847 /* Assets.xcassets */,
				1720D3582A474D7C0042D847 /* Preview Content */,
			);
			path = AnimationExplorer;
			sourceTree = "<group>";
		};
		1720D3582A474D7C0042D847 /* Preview Content */ = {
			isa = PBXGroup;
			children = (
				1720D3592A474D7C0042D847 /* Preview Assets.xcassets */,
			);
			path = "Preview Content";
			sourceTree = "<group>";
		};
/* End PBXGroup section */

/* Begin PBXNativeTarget section */
		1720D34E2A474D7B0042D847 /* AnimationExplorer */ = {
			isa = PBXNativeTarget;
			buildConfigurationList = 1720D35D2A474D7C0042D847 /* Build configuration list for PBXNativeTarget "AnimationExplorer" */;
			buildPhases = (
				1720D34B2A474D7B0042D847 /* Sources */,
				1720D34C2A474D7B0042D847 /* Frameworks */,
				1720D34D2A474D7B0042D847 /* Resources */,
			);
			buildRules = (
			);
			dependencies = (
			);
			name = AnimationExplorer;
			productName = AnimationExplorer;
			productReference = 1720D34F2A474D7B0042D847 /* AnimationExplorer.app */;
			productType = "com.apple.product-type.application";
		};
/* End PBXNativeTarget section */

/* Begin PBXProject section */
		1720D3472A474D7B0042D847 /* Project object */ = {
			isa = PBXProject;
			attributes = {
				BuildIndependentTargetsInParallel = 1;
				LastSwiftUpdateCheck = 1500;
				LastUpgradeCheck = 1500;
				TargetAttributes = {
					1720D34E2A474D7B0042D847 = {
						CreatedOnToolsVersion = 15.0;
					};
				};
			};
			buildConfigurationList = 1720D34A2A474D7B0042D847 /* Build configuration list for PBXProject "AnimationExplorer" */;
			compatibilityVersion = "Xcode 14.0";
			developmentRegion = en;
			hasScannedForEncodings = 0;
			knownRegions = (
				en,
				Base,
			);
			mainGroup = 1720D3462A474D7B0042D847;
			productRefGroup = 1720D3502A474D7B0042D847 /* Products */;
			projectDirPath = "";
			projectRoot = "";
			targets = (
				1720D34E2A474D7B0042D847 /* AnimationExplorer */,
			);
		};
/* End PBXProject section */

/* Begin PBXResourcesBuildPhase section */
		1720D34D2A474D7B0042D847 /* Resources */ = {
			isa = PBXResourcesBuildPhase;
			buildActionMask = 2147483647;
			files = (
				17A6B7132A47620800A59C38 /* README.md in Resources */,
				1720D35A2A474D7C0042D847 /* Preview Assets.xcassets in Resources */,
				1720D3572A474D7C0042D847 /* Assets.xcassets in Resources */,
			);
			runOnlyForDeploymentPostprocessing = 0;
		};
/* End PBXResourcesBuildPhase section */

/* Begin PBXSourcesBuildPhase section */
		1720D34B2A474D7B0042D847 /* Sources */ = {
			isa = PBXSourcesBuildPhase;
			buildActionMask = 2147483647;
			files = (
				1720D3652A4752C10042D847 /* Extensions.swift in Sources */,
				1720D3632A4751DF0042D847 /* TimingCurveView.swift in Sources */,
				1720D3552A474D7B0042D847 /* ContentView.swift in Sources */,
				1720D3672A4753F30042D847 /* AdjustmentGrabHandleView.swift in Sources */,
				1720D3692A475A7E0042D847 /* AnimationSampleView.swift in Sources */,
				1720D3612A474DA80042D847 /* AnimationChartView.swift in Sources */,
				1720D3532A474D7B0042D847 /* AnimationExplorerApp.swift in Sources */,
			);
			runOnlyForDeploymentPostprocessing = 0;
		};
/* End PBXSourcesBuildPhase section */

/* Begin XCBuildConfiguration section */
		1720D35B2A474D7C0042D847 /* Debug */ = {
			isa = XCBuildConfiguration;
			buildSettings = {
				ALWAYS_SEARCH_USER_PATHS = NO;
				ASSETCATALOG_COMPILER_GENERATE_SWIFT_ASSET_SYMBOL_EXTENSIONS = YES;
				CLANG_ANALYZER_NONNULL = YES;
				CLANG_ANALYZER_NUMBER_OBJECT_CONVERSION = YES_AGGRESSIVE;
				CLANG_CXX_LANGUAGE_STANDARD = "gnu++20";
				CLANG_ENABLE_MODULES = YES;
				CLANG_ENABLE_OBJC_ARC = YES;
				CLANG_ENABLE_OBJC_WEAK = YES;
				CLANG_WARN_BLOCK_CAPTURE_AUTORELEASING = YES;
				CLANG_WARN_BOOL_CONVERSION = YES;
				CLANG_WARN_COMMA = YES;
				CLANG_WARN_CONSTANT_CONVERSION = YES;
				CLANG_WARN_DEPRECATED_OBJC_IMPLEMENTATIONS = YES;
				CLANG_WARN_DIRECT_OBJC_ISA_USAGE = YES_ERROR;
				CLANG_WARN_DOCUMENTATION_COMMENTS = YES;
				CLANG_WARN_EMPTY_BODY = YES;
				CLANG_WARN_ENUM_CONVERSION = YES;
				CLANG_WARN_INFINITE_RECURSION = YES;
				CLANG_WARN_INT_CONVERSION = YES;
				CLANG_WARN_NON_LITERAL_NULL_CONVERSION = YES;
				CLANG_WARN_OBJC_IMPLICIT_RETAIN_SELF = YES;
				CLANG_WARN_OBJC_LITERAL_CONVERSION = YES;
				CLANG_WARN_OBJC_ROOT_CLASS = YES_ERROR;
				CLANG_WARN_QUOTED_INCLUDE_IN_FRAMEWORK_HEADER = YES;
				CLANG_WARN_RANGE_LOOP_ANALYSIS = YES;
				CLANG_WARN_STRICT_PROTOTYPES = YES;
				CLANG_WARN_SUSPICIOUS_MOVE = YES;
				CLANG_WARN_UNGUARDED_AVAILABILITY = YES_AGGRESSIVE;
				CLANG_WARN_UNREACHABLE_CODE = YES;
				CLANG_WARN__DUPLICATE_METHOD_MATCH = YES;
				COPY_PHASE_STRIP = NO;
				DEBUG_INFORMATION_FORMAT = dwarf;
				ENABLE_STRICT_OBJC_MSGSEND = YES;
				ENABLE_TESTABILITY = YES;
				ENABLE_USER_SCRIPT_SANDBOXING = YES;
				GCC_C_LANGUAGE_STANDARD = gnu17;
				GCC_DYNAMIC_NO_PIC = NO;
				GCC_NO_COMMON_BLOCKS = YES;
				GCC_OPTIMIZATION_LEVEL = 0;
				GCC_PREPROCESSOR_DEFINITIONS = (
					"DEBUG=1",
					"$(inherited)",
				);
				GCC_WARN_64_TO_32_BIT_CONVERSION = YES;
				GCC_WARN_ABOUT_RETURN_TYPE = YES_ERROR;
				GCC_WARN_UNDECLARED_SELECTOR = YES;
				GCC_WARN_UNINITIALIZED_AUTOS = YES_AGGRESSIVE;
				GCC_WARN_UNUSED_FUNCTION = YES;
				GCC_WARN_UNUSED_VARIABLE = YES;
				IPHONEOS_DEPLOYMENT_TARGET = 17.0;
				LOCALIZATION_PREFERS_STRING_CATALOGS = YES;
				MTL_ENABLE_DEBUG_INFO = INCLUDE_SOURCE;
				MTL_FAST_MATH = YES;
				ONLY_ACTIVE_ARCH = YES;
				SDKROOT = iphoneos;
				SWIFT_ACTIVE_COMPILATION_CONDITIONS = "DEBUG $(inherited)";
				SWIFT_OPTIMIZATION_LEVEL = "-Onone";
			};
			name = Debug;
		};
		1720D35C2A474D7C0042D847 /* Release */ = {
			isa = XCBuildConfiguration;
			buildSettings = {
				ALWAYS_SEARCH_USER_PATHS = NO;
				ASSETCATALOG_COMPILER_GENERATE_SWIFT_ASSET_SYMBOL_EXTENSIONS = YES;
				CLANG_ANALYZER_NONNULL = YES;
				CLANG_ANALYZER_NUMBER_OBJECT_CONVERSION = YES_AGGRESSIVE;
				CLANG_CXX_LANGUAGE_STANDARD = "gnu++20";
				CLANG_ENABLE_MODULES = YES;
				CLANG_ENABLE_OBJC_ARC = YES;
				CLANG_ENABLE_OBJC_WEAK = YES;
				CLANG_WARN_BLOCK_CAPTURE_AUTORELEASING = YES;
				CLANG_WARN_BOOL_CONVERSION = YES;
				CLANG_WARN_COMMA = YES;
				CLANG_WARN_CONSTANT_CONVERSION = YES;
				CLANG_WARN_DEPRECATED_OBJC_IMPLEMENTATIONS = YES;
				CLANG_WARN_DIRECT_OBJC_ISA_USAGE = YES_ERROR;
				CLANG_WARN_DOCUMENTATION_COMMENTS = YES;
				CLANG_WARN_EMPTY_BODY = YES;
				CLANG_WARN_ENUM_CONVERSION = YES;
				CLANG_WARN_INFINITE_RECURSION = YES;
				CLANG_WARN_INT_CONVERSION = YES;
				CLANG_WARN_NON_LITERAL_NULL_CONVERSION = YES;
				CLANG_WARN_OBJC_IMPLICIT_RETAIN_SELF = YES;
				CLANG_WARN_OBJC_LITERAL_CONVERSION = YES;
				CLANG_WARN_OBJC_ROOT_CLASS = YES_ERROR;
				CLANG_WARN_QUOTED_INCLUDE_IN_FRAMEWORK_HEADER = YES;
				CLANG_WARN_RANGE_LOOP_ANALYSIS = YES;
				CLANG_WARN_STRICT_PROTOTYPES = YES;
				CLANG_WARN_SUSPICIOUS_MOVE = YES;
				CLANG_WARN_UNGUARDED_AVAILABILITY = YES_AGGRESSIVE;
				CLANG_WARN_UNREACHABLE_CODE = YES;
				CLANG_WARN__DUPLICATE_METHOD_MATCH = YES;
				COPY_PHASE_STRIP = NO;
				DEBUG_INFORMATION_FORMAT = "dwarf-with-dsym";
				ENABLE_NS_ASSERTIONS = NO;
				ENABLE_STRICT_OBJC_MSGSEND = YES;
				ENABLE_USER_SCRIPT_SANDBOXING = YES;
				GCC_C_LANGUAGE_STANDARD = gnu17;
				GCC_NO_COMMON_BLOCKS = YES;
				GCC_WARN_64_TO_32_BIT_CONVERSION = YES;
				GCC_WARN_ABOUT_RETURN_TYPE = YES_ERROR;
				GCC_WARN_UNDECLARED_SELECTOR = YES;
				GCC_WARN_UNINITIALIZED_AUTOS = YES_AGGRESSIVE;
				GCC_WARN_UNUSED_FUNCTION = YES;
				GCC_WARN_UNUSED_VARIABLE = YES;
				IPHONEOS_DEPLOYMENT_TARGET = 17.0;
				LOCALIZATION_PREFERS_STRING_CATALOGS = YES;
				MTL_ENABLE_DEBUG_INFO = NO;
				MTL_FAST_MATH = YES;
				SDKROOT = iphoneos;
				SWIFT_COMPILATION_MODE = wholemodule;
				VALIDATE_PRODUCT = YES;
			};
			name = Release;
		};
		1720D35E2A474D7C0042D847 /* Debug */ = {
			isa = XCBuildConfiguration;
			buildSettings = {
				ASSETCATALOG_COMPILER_APPICON_NAME = AppIcon;
				ASSETCATALOG_COMPILER_GLOBAL_ACCENT_COLOR_NAME = AccentColor;
				CODE_SIGN_STYLE = Automatic;
				CURRENT_PROJECT_VERSION = 1;
				DEVELOPMENT_ASSET_PATHS = "\"AnimationExplorer/Preview Content\"";
				DEVELOPMENT_TEAM = P8CC95REUG;
				ENABLE_PREVIEWS = YES;
				GENERATE_INFOPLIST_FILE = YES;
				INFOPLIST_KEY_UIApplicationSceneManifest_Generation = YES;
				INFOPLIST_KEY_UIApplicationSupportsIndirectInputEvents = YES;
				INFOPLIST_KEY_UILaunchScreen_Generation = YES;
				INFOPLIST_KEY_UISupportedInterfaceOrientations_iPad = "UIInterfaceOrientationPortrait UIInterfaceOrientationPortraitUpsideDown UIInterfaceOrientationLandscapeLeft UIInterfaceOrientationLandscapeRight";
				INFOPLIST_KEY_UISupportedInterfaceOrientations_iPhone = "UIInterfaceOrientationPortrait UIInterfaceOrientationLandscapeLeft UIInterfaceOrientationLandscapeRight";
				LD_RUNPATH_SEARCH_PATHS = (
					"$(inherited)",
					"@executable_path/Frameworks",
				);
				MARKETING_VERSION = 1.0;
				PRODUCT_BUNDLE_IDENTIFIER = com.yourcompany.AnimationExplorer;
				PRODUCT_NAME = "$(TARGET_NAME)";
				SWIFT_EMIT_LOC_STRINGS = YES;
				SWIFT_VERSION = 5.0;
				TARGETED_DEVICE_FAMILY = "1,2";
			};
			name = Debug;
		};
		1720D35F2A474D7C0042D847 /* Release */ = {
			isa = XCBuildConfiguration;
			buildSettings = {
				ASSETCATALOG_COMPILER_APPICON_NAME = AppIcon;
				ASSETCATALOG_COMPILER_GLOBAL_ACCENT_COLOR_NAME = AccentColor;
				CODE_SIGN_STYLE = Automatic;
				CURRENT_PROJECT_VERSION = 1;
				DEVELOPMENT_ASSET_PATHS = "\"AnimationExplorer/Preview Content\"";
				DEVELOPMENT_TEAM = P8CC95REUG;
				ENABLE_PREVIEWS = YES;
				GENERATE_INFOPLIST_FILE = YES;
				INFOPLIST_KEY_UIApplicationSceneManifest_Generation = YES;
				INFOPLIST_KEY_UIApplicationSupportsIndirectInputEvents = YES;
				INFOPLIST_KEY_UILaunchScreen_Generation = YES;
				INFOPLIST_KEY_UISupportedInterfaceOrientations_iPad = "UIInterfaceOrientationPortrait UIInterfaceOrientationPortraitUpsideDown UIInterfaceOrientationLandscapeLeft UIInterfaceOrientationLandscapeRight";
				INFOPLIST_KEY_UISupportedInterfaceOrientations_iPhone = "UIInterfaceOrientationPortrait UIInterfaceOrientationLandscapeLeft UIInterfaceOrientationLandscapeRight";
				LD_RUNPATH_SEARCH_PATHS = (
					"$(inherited)",
					"@executable_path/Frameworks",
				);
				MARKETING_VERSION = 1.0;
				PRODUCT_BUNDLE_IDENTIFIER = com.yourcompany.AnimationExplorer;
				PRODUCT_NAME = "$(TARGET_NAME)";
				SWIFT_EMIT_LOC_STRINGS = YES;
				SWIFT_VERSION = 5.0;
				TARGETED_DEVICE_FAMILY = "1,2";
			};
			name = Release;
		};
/* End XCBuildConfiguration section */

/* Begin XCConfigurationList section */
		1720D34A2A474D7B0042D847 /* Build configuration list for PBXProject "AnimationExplorer" */ = {
			isa = XCConfigurationList;
			buildConfigurations = (
				1720D35B2A474D7C0042D847 /* Debug */,
				1720D35C2A474D7C0042D847 /* Release */,
			);
			defaultConfigurationIsVisible = 0;
			defaultConfigurationName = Release;
		};
		1720D35D2A474D7C0042D847 /* Build configuration list for PBXNativeTarget "AnimationExplorer" */ = {
			isa = XCConfigurationList;
			buildConfigurations = (
				1720D35E2A474D7C0042D847 /* Debug */,
				1720D35F2A474D7C0042D847 /* Release */,
			);
			defaultConfigurationIsVisible = 0;
			defaultConfigurationName = Release;
		};
/* End XCConfigurationList section */
	};
	rootObject = 1720D3472A474D7B0042D847 /* Project object */;
}
